{
  "requires": true,
  "lockfileVersion": 1,
  "dependencies": {
    "@vue/ui": {
      "version": "0.11.6",
      "resolved": "https://registry.npmjs.org/@vue/ui/-/ui-0.11.6.tgz",
      "integrity": "sha512-wYM3j3+mY7VcfpRNRMVXMwPjYHmYy90TDbOi5RXA7Vj3E0fkX9Pd+Mb0KxMmcIbIfWNJVTBzCFX6uzI0nBWCyg==",
      "requires": {
        "focus-visible": "^4.1.5",
        "v-tooltip": "^3.0.0-alpha.11",
        "vue-resize": "^0.4.5"
      }
    },
    "focus-visible": {
      "version": "4.1.5",
      "resolved": "https://registry.npmjs.org/focus-visible/-/focus-visible-4.1.5.tgz",
      "integrity": "sha512-yo/njtk/BB4Z2euzaZe3CZrg4u5s5uEi7ZwbHBJS2quHx51N0mmcx9nTIiImUGlgy+vf26d0CcQluahBBBL/Fw=="
    },
    "popper.js": {
      "version": "1.16.1",
      "resolved": "https://registry.npmjs.org/popper.js/-/popper.js-1.16.1.tgz",
      "integrity": "sha512-Wb4p1J4zyFTbM+u6WuO4XstYx4Ky9Cewe4DWrel7B0w6VVICvPwdOpotjzcf6eD8TsckVnIMNONQyPIUFOUbCQ=="
    },
    "v-tooltip": {
      "version": "3.0.0-alpha.13",
      "resolved": "https://registry.npmjs.org/v-tooltip/-/v-tooltip-3.0.0-alpha.13.tgz",
      "integrity": "sha512-wX1ubmdxDhOnhBsY4+hHuKZQWZ15VdMqImJAoeMQKm+fF+OPSmMsM30m0Wcgt7G4fiX3Nylak4C7xXLbBoKjGg==",
      "requires": {
        "popper.js": "^1.16.0",
        "vue-resize": "^0.4.5"
      }
    },
    "vue-resize": {
      "version": "0.4.5",
      "resolved": "https://registry.npmjs.org/vue-resize/-/vue-resize-0.4.5.tgz",
      "integrity": "sha512-bhP7MlgJQ8TIkZJXAfDf78uJO+mEI3CaLABLjv0WNzr4CcGRGPIAItyWYnP6LsPA4Oq0WE+suidNs6dgpO4RHg=="
    }
  }
}
