
Microsoft Visual Studio Solution File, Format Version 12.00
# Visual Studio Version 16
VisualStudioVersion = 16.0.29318.209
MinimumVisualStudioVersion = 10.0.40219.1
Project("{FAE04EC0-301F-11D3-BF4B-00C04F79EFBC}") = "StarWarsBackend", "StarWarsBackend\StarWarsBackend.csproj", "{AA44F81F-FA0A-4E4A-9B30-C5AF276C5DA6}"
EndProject
Global
	GlobalSection(SolutionConfigurationPlatforms) = preSolution
		Debug|Any CPU = Debug|Any CPU
		Release|Any CPU = Release|Any CPU
	EndGlobalSection
	GlobalSection(ProjectConfigurationPlatforms) = postSolution
		{AA44F81F-FA0A-4E4A-9B30-C5AF276C5DA6}.Debug|Any CPU.ActiveCfg = Debug|Any CPU
		{AA44F81F-FA0A-4E4A-9B30-C5AF276C5DA6}.Debug|Any CPU.Build.0 = Debug|Any CPU
		{AA44F81F-FA0A-4E4A-9B30-C5AF276C5DA6}.Release|Any CPU.ActiveCfg = Release|Any CPU
		{AA44F81F-FA0A-4E4A-9B30-C5AF276C5DA6}.Release|Any CPU.Build.0 = Release|Any CPU
	EndGlobalSection
	GlobalSection(SolutionProperties) = preSolution
		HideSolutionNode = FALSE
	EndGlobalSection
	GlobalSection(ExtensibilityGlobals) = postSolution
		SolutionGuid = {0F2B3556-BA58-4D5E-B5C6-1696F85008A4}
	EndGlobalSection
EndGlobal
